# This file is generated by running "yarn install" inside your project.
# Manual changes might be lost - proceed with caution!

__metadata:
  version: 9
  cacheKey: 10c0

"@types/node@npm:^20.19.18":
  version: 20.19.39
  resolution: "@types/node@npm:20.19.39"
  dependencies:
    undici-types: "npm:~6.21.0"
  checksum: 10c0/1d16da7b5f47a7415b827fcf3b94d279febf4c14671afec74a03e47856b5270023d9beb1b9aeab4d3b622fd97d61a60206cfc2cca588663181331bc592468289
  languageName: node
  linkType: hard

"ndx@workspace:.":
  version: 0.0.0-use.local
  resolution: "ndx@workspace:."
  dependencies:
    "@types/node": "npm:^20.19.18"
    prettier: "npm:^3.5.3"
    typescript: "npm:^5.9.2"
  bin:
    ndx: dist/src/cli/main.js
    ndxserver: dist/src/cli/main.js
  languageName: unknown
  linkType: soft

"prettier@npm:^3.5.3":
  version: 3.8.3
  resolution: "prettier@npm:3.8.3"
  bin:
    prettier: bin/prettier.cjs
  checksum: 10c0/754816fd7593eb80f6376d7476d463e832c38a12f32775a82683adb6e35b772b1f484d65f19401507b983a8c8a7cd5a4a9f12006bd56491e8f35503473f77473
  languageName: node
  linkType: hard

"typescript@npm:^5.9.2":
  version: 5.9.3
  resolution: "typescript@npm:5.9.3"
  bin:
    tsc: bin/tsc
    tsserver: bin/tsserver
  checksum: 10c0/6bd7552ce39f97e711db5aa048f6f9995b53f1c52f7d8667c1abdc1700c68a76a308f579cd309ce6b53646deb4e9a1be7c813a93baaf0a28ccd536a30270e1c5
  languageName: node
  linkType: hard

"typescript@patch:typescript@npm%3A^5.9.2#optional!builtin<compat/typescript>":
  version: 5.9.3
  resolution: "typescript@patch:typescript@npm%3A5.9.3#optional!builtin<compat/typescript>::version=5.9.3&hash=5786d5"
  bin:
    tsc: bin/tsc
    tsserver: bin/tsserver
  checksum: 10c0/ad09fdf7a756814dce65bc60c1657b40d44451346858eea230e10f2e95a289d9183b6e32e5c11e95acc0ccc214b4f36289dcad4bf1886b0adb84d711d336a430
  languageName: node
  linkType: hard

"undici-types@npm:~6.21.0":
  version: 6.21.0
  resolution: "undici-types@npm:6.21.0"
  checksum: 10c0/c01ed51829b10aa72fc3ce64b747f8e74ae9b60eafa19a7b46ef624403508a54c526ffab06a14a26b3120d055e1104d7abe7c9017e83ced038ea5cf52f8d5e04
  languageName: node
  linkType: hard
